// !$*UTF8*$!
{
	archiveVersion = 1;
	classes = {
	};
	objectVersion = 46;
	objects = {

/* Begin PBXBuildFile section */
		653DE5C71CED7A7600CB1312 /* MainViewController.m in Sources */ = {isa = PBXBuildFile; fileRef = 653DE5C61CED7A7600CB1312 /* MainViewController.m */; };
		653DE5CA1CED7CD500CB1312 /* BaseNavigationController.m in Sources */ = {isa = PBXBuildFile; fileRef = 653DE5C91CED7CD500CB1312 /* BaseNavigationController.m */; };
		653DE5CD1CED7CF900CB1312 /* BaseTableViewController.m in Sources */ = {isa = PBXBuildFile; fileRef = 653DE5CC1CED7CF900CB1312 /* BaseTableViewController.m */; };
		653DE5D01CED7D1600CB1312 /* MainTabBar.m in Sources */ = {isa = PBXBuildFile; fileRef = 653DE5CF1CED7D1600CB1312 /* MainTabBar.m */; };
		653DE5D31CED7FCA00CB1312 /* HomeTableViewController.m in Sources */ = {isa = PBXBuildFile; fileRef = 653DE5D21CED7FCA00CB1312 /* HomeTableViewController.m */; };
		653DE5D61CED7FE300CB1312 /* MessageTableViewController.m in Sources */ = {isa = PBXBuildFile; fileRef = 653DE5D51CED7FE300CB1312 /* MessageTableViewController.m */; };
		653DE5D91CED7FEE00CB1312 /* DiscoverTableViewController.m in Sources */ = {isa = PBXBuildFile; fileRef = 653DE5D81CED7FEE00CB1312 /* DiscoverTableViewController.m */; };
		653DE5DC1CED7FFA00CB1312 /* ProfileTableViewController.m in Sources */ = {isa = PBXBuildFile; fileRef = 653DE5DB1CED7FFA00CB1312 /* ProfileTableViewController.m */; };
		657032DB1CEAD3DC005D6179 /* main.m in Sources */ = {isa = PBXBuildFile; fileRef = 657032DA1CEAD3DC005D6179 /* main.m */; };
		657032DE1CEAD3DC005D6179 /* AppDelegate.m in Sources */ = {isa = PBXBuildFile; fileRef = 657032DD1CEAD3DC005D6179 /* AppDelegate.m */; };
		657032E61CEAD3DC005D6179 /* Assets.xcassets in Resources */ = {isa = PBXBuildFile; fileRef = 657032E51CEAD3DC005D6179 /* Assets.xcassets */; };
/* End PBXBuildFile section */

/* Begin PBXFileReference section */
		653DE5C51CED7A7600CB1312 /* MainViewController.h */ = {isa = PBXFileReference; fileEncoding = 4; lastKnownFileType = sourcecode.c.h; path = MainViewController.h; sourceTree = "<group>"; };
		653DE5C61CED7A7600CB1312 /* MainViewController.m */ = {isa = PBXFileReference; fileEncoding = 4; lastKnownFileType = sourcecode.c.objc; path = MainViewController.m; sourceTree = "<group>"; };
		653DE5C81CED7CD500CB1312 /* BaseNavigationController.h */ = {isa = PBXFileReference; fileEncoding = 4; lastKnownFileType = sourcecode.c.h; path = BaseNavigationController.h; sourceTree = "<group>"; };
		653DE5C91CED7CD500CB1312 /* BaseNavigationController.m */ = {isa = PBXFileReference; fileEncoding = 4; lastKnownFileType = sourcecode.c.objc; path = BaseNavigationController.m; sourceTree = "<group>"; };
		653DE5CB1CED7CF900CB1312 /* BaseTableViewController.h */ = {isa = PBXFileReference; fileEncoding = 4; lastKnownFileType = sourcecode.c.h; path = BaseTableViewController.h; sourceTree = "<group>"; };
		653DE5CC1CED7CF900CB1312 /* BaseTableViewController.m */ = {isa = PBXFileReference; fileEncoding = 4; lastKnownFileType = sourcecode.c.objc; path = BaseTableViewController.m; sourceTree = "<group>"; };
		653DE5CE1CED7D1600CB1312 /* MainTabBar.h */ = {isa = PBXFileReference; fileEncoding = 4; lastKnownFileType = sourcecode.c.h; path = MainTabBar.h; sourceTree = "<group>"; };
		653DE5CF1CED7D1600CB1312 /* MainTabBar.m */ = {isa = PBXFileReference; fileEncoding = 4; lastKnownFileType = sourcecode.c.objc; path = MainTabBar.m; sourceTree = "<group>"; };
		653DE5D11CED7FCA00CB1312 /* HomeTableViewController.h */ = {isa = PBXFileReference; fileEncoding = 4; lastKnownFileType = sourcecode.c.h; path = HomeTableViewController.h; sourceTree = "<group>"; };
		653DE5D21CED7FCA00CB1312 /* HomeTableViewController.m */ = {isa = PBXFileReference; fileEncoding = 4; lastKnownFileType = sourcecode.c.objc; path = HomeTableViewController.m; sourceTree = "<group>"; };
		653DE5D41CED7FE300CB1312 /* MessageTableViewController.h */ = {isa = PBXFileReference; fileEncoding = 4; lastKnownFileType = sourcecode.c.h; path = MessageTableViewController.h; sourceTree = "<group>"; };
		653DE5D51CED7FE300CB1312 /* MessageTableViewController.m */ = {isa = PBXFileReference; fileEncoding = 4; lastKnownFileType = sourcecode.c.objc; path = MessageTableViewController.m; sourceTree = "<group>"; };
		653DE5D71CED7FEE00CB1312 /* DiscoverTableViewController.h */ = {isa = PBXFileReference; fileEncoding = 4; lastKnownFileType = sourcecode.c.h; path = DiscoverTableViewController.h; sourceTree = "<group>"; };
		653DE5D81CED7FEE00CB1312 /* DiscoverTableViewController.m */ = {isa = PBXFileReference; fileEncoding = 4; lastKnownFileType = sourcecode.c.objc; path = DiscoverTableViewController.m; sourceTree = "<group>"; };
		653DE5DA1CED7FFA00CB1312 /* ProfileTableViewController.h */ = {isa = PBXFileReference; fileEncoding = 4; lastKnownFileType = sourcecode.c.h; path = ProfileTableViewController.h; sourceTree = "<group>"; };
		653DE5DB1CED7FFA00CB1312 /* ProfileTableViewController.m */ = {isa = PBXFileReference; fileEncoding = 4; lastKnownFileType = sourcecode.c.objc; path = ProfileTableViewController.m; sourceTree = "<group>"; };
		657032D61CEAD3DB005D6179 /* DHMicroBlog.app */ = {isa = PBXFileReference; explicitFileType = wrapper.application; includeInIndex = 0; path = DHMicroBlog.app; sourceTree = BUILT_PRODUCTS_DIR; };
		657032DA1CEAD3DC005D6179 /* main.m */ = {isa = PBXFileReference; lastKnownFileType = sourcecode.c.objc; path = main.m; sourceTree = "<group>"; };
		657032DC1CEAD3DC005D6179 /* AppDelegate.h */ = {isa = PBXFileReference; lastKnownFileType = sourcecode.c.h; path = AppDelegate.h; sourceTree = "<group>"; };
		657032DD1CEAD3DC005D6179 /* AppDelegate.m */ = {isa = PBXFileReference; lastKnownFileType = sourcecode.c.objc; path = AppDelegate.m; sourceTree = "<group>"; };
		657032E51CEAD3DC005D6179 /* Assets.xcassets */ = {isa = PBXFileReference; lastKnownFileType = folder.assetcatalog; path = Assets.xcassets; sourceTree = "<group>"; };
		657032EA1CEAD3DC005D6179 /* Info.plist */ = {isa = PBXFileReference; lastKnownFileType = text.plist.xml; path = Info.plist; sourceTree = "<group>"; };
/* End PBXFileReference section */

/* Begin PBXFrameworksBuildPhase section */
		657032D31CEAD3DB005D6179 /* Frameworks */ = {
			isa = PBXFrameworksBuildPhase;
			buildActionMask = 2147483647;
			files = (
			);
			runOnlyForDeploymentPostprocessing = 0;
		};
/* End PBXFrameworksBuildPhase section */

/* Begin PBXGroup section */
		657032CD1CEAD3DB005D6179 = {
			isa = PBXGroup;
			children = (
				657032D81CEAD3DB005D6179 /* DHMicroBlog */,
				657032D71CEAD3DB005D6179 /* Products */,
			);
			sourceTree = "<group>";
		};
		657032D71CEAD3DB005D6179 /* Products */ = {
			isa = PBXGroup;
			children = (
				657032D61CEAD3DB005D6179 /* DHMicroBlog.app */,
			);
			name = Products;
			sourceTree = "<group>";
		};
		657032D81CEAD3DB005D6179 /* DHMicroBlog */ = {
			isa = PBXGroup;
			children = (
				657032F01CEADA18005D6179 /* Module */,
				657032DC1CEAD3DC005D6179 /* AppDelegate.h */,
				657032DD1CEAD3DC005D6179 /* AppDelegate.m */,
				657032E51CEAD3DC005D6179 /* Assets.xcassets */,
				657032EA1CEAD3DC005D6179 /* Info.plist */,
				657032D91CEAD3DB005D6179 /* Supporting Files */,
			);
			path = DHMicroBlog;
			sourceTree = "<group>";
		};
		657032D91CEAD3DB005D6179 /* Supporting Files */ = {
			isa = PBXGroup;
			children = (
				657032DA1CEAD3DC005D6179 /* main.m */,
			);
			name = "Supporting Files";
			sourceTree = "<group>";
		};
		657032F01CEADA18005D6179 /* Module */ = {
			isa = PBXGroup;
			children = (
				657032F31CEADA18005D6179 /* Main */,
				657032F21CEADA18005D6179 /* Home */,
				657032F41CEADA18005D6179 /* Message */,
				657032F11CEADA18005D6179 /* Discover */,
				657032F51CEADA18005D6179 /* Profile */,
			);
			path = Module;
			sourceTree = "<group>";
		};
		657032F11CEADA18005D6179 /* Discover */ = {
			isa = PBXGroup;
			children = (
				653DE5D71CED7FEE00CB1312 /* DiscoverTableViewController.h */,
				653DE5D81CED7FEE00CB1312 /* DiscoverTableViewController.m */,
			);
			path = Discover;
			sourceTree = "<group>";
		};
		657032F21CEADA18005D6179 /* Home */ = {
			isa = PBXGroup;
			children = (
				653DE5D11CED7FCA00CB1312 /* HomeTableViewController.h */,
				653DE5D21CED7FCA00CB1312 /* HomeTableViewController.m */,
			);
			path = Home;
			sourceTree = "<group>";
		};
		657032F31CEADA18005D6179 /* Main */ = {
			isa = PBXGroup;
			children = (
				653DE5C51CED7A7600CB1312 /* MainViewController.h */,
				653DE5C61CED7A7600CB1312 /* MainViewController.m */,
				653DE5C81CED7CD500CB1312 /* BaseNavigationController.h */,
				653DE5C91CED7CD500CB1312 /* BaseNavigationController.m */,
				653DE5CB1CED7CF900CB1312 /* BaseTableViewController.h */,
				653DE5CC1CED7CF900CB1312 /* BaseTableViewController.m */,
				653DE5CE1CED7D1600CB1312 /* MainTabBar.h */,
				653DE5CF1CED7D1600CB1312 /* MainTabBar.m */,
			);
			path = Main;
			sourceTree = "<group>";
		};
		657032F41CEADA18005D6179 /* Message */ = {
			isa = PBXGroup;
			children = (
				653DE5D41CED7FE300CB1312 /* MessageTableViewController.h */,
				653DE5D51CED7FE300CB1312 /* MessageTableViewController.m */,
			);
			path = Message;
			sourceTree = "<group>";
		};
		657032F51CEADA18005D6179 /* Profile */ = {
			isa = PBXGroup;
			children = (
				653DE5DA1CED7FFA00CB1312 /* ProfileTableViewController.h */,
				653DE5DB1CED7FFA00CB1312 /* ProfileTableViewController.m */,
			);
			path = Profile;
			sourceTree = "<group>";
		};
/* End PBXGroup section */

/* Begin PBXNativeTarget section */
		657032D51CEAD3DB005D6179 /* DHMicroBlog */ = {
			isa = PBXNativeTarget;
			buildConfigurationList = 657032ED1CEAD3DC005D6179 /* Build configuration list for PBXNativeTarget "DHMicroBlog" */;
			buildPhases = (
				657032D21CEAD3DB005D6179 /* Sources */,
				657032D31CEAD3DB005D6179 /* Frameworks */,
				657032D41CEAD3DB005D6179 /* Resources */,
			);
			buildRules = (
			);
			dependencies = (
			);
			name = DHMicroBlog;
			productName = DHMicroBlog;
			productReference = 657032D61CEAD3DB005D6179 /* DHMicroBlog.app */;
			productType = "com.apple.product-type.application";
		};
/* End PBXNativeTarget section */

/* Begin PBXProject section */
		657032CE1CEAD3DB005D6179 /* Project object */ = {
			isa = PBXProject;
			attributes = {
				LastUpgradeCheck = 0730;
				ORGANIZATIONNAME = DanielHe;
				TargetAttributes = {
					657032D51CEAD3DB005D6179 = {
						CreatedOnToolsVersion = 7.3;
					};
				};
			};
			buildConfigurationList = 657032D11CEAD3DB005D6179 /* Build configuration list for PBXProject "DHMicroBlog" */;
			compatibilityVersion = "Xcode 3.2";
			developmentRegion = English;
			hasScannedForEncodings = 0;
			knownRegions = (
				en,
				Base,
			);
			mainGroup = 657032CD1CEAD3DB005D6179;
			productRefGroup = 657032D71CEAD3DB005D6179 /* Products */;
			projectDirPath = "";
			projectRoot = "";
			targets = (
				657032D51CEAD3DB005D6179 /* DHMicroBlog */,
			);
		};
/* End PBXProject section */

/* Begin PBXResourcesBuildPhase section */
		657032D41CEAD3DB005D6179 /* Resources */ = {
			isa = PBXResourcesBuildPhase;
			buildActionMask = 2147483647;
			files = (
				657032E61CEAD3DC005D6179 /* Assets.xcassets in Resources */,
			);
			runOnlyForDeploymentPostprocessing = 0;
		};
/* End PBXResourcesBuildPhase section */

/* Begin PBXSourcesBuildPhase section */
		657032D21CEAD3DB005D6179 /* Sources */ = {
			isa = PBXSourcesBuildPhase;
			buildActionMask = 2147483647;
			files = (
				653DE5CA1CED7CD500CB1312 /* BaseNavigationController.m in Sources */,
				657032DE1CEAD3DC005D6179 /* AppDelegate.m in Sources */,
				653DE5D01CED7D1600CB1312 /* MainTabBar.m in Sources */,
				653DE5DC1CED7FFA00CB1312 /* ProfileTableViewController.m in Sources */,
				653DE5D91CED7FEE00CB1312 /* DiscoverTableViewController.m in Sources */,
				653DE5D61CED7FE300CB1312 /* MessageTableViewController.m in Sources */,
				653DE5D31CED7FCA00CB1312 /* HomeTableViewController.m in Sources */,
				653DE5C71CED7A7600CB1312 /* MainViewController.m in Sources */,
				657032DB1CEAD3DC005D6179 /* main.m in Sources */,
				653DE5CD1CED7CF900CB1312 /* BaseTableViewController.m in Sources */,
			);
			runOnlyForDeploymentPostprocessing = 0;
		};
/* End PBXSourcesBuildPhase section */

/* Begin XCBuildConfiguration section */
		657032EB1CEAD3DC005D6179 /* Debug */ = {
			isa = XCBuildConfiguration;
			buildSettings = {
				ALWAYS_SEARCH_USER_PATHS = NO;
				CLANG_ANALYZER_NONNULL = YES;
				CLANG_CXX_LANGUAGE_STANDARD = "gnu++0x";
				CLANG_CXX_LIBRARY = "libc++";
				CLANG_ENABLE_MODULES = YES;
				CLANG_ENABLE_OBJC_ARC = YES;
				CLANG_WARN_BOOL_CONVERSION = YES;
				CLANG_WARN_CONSTANT_CONVERSION = YES;
				CLANG_WARN_DIRECT_OBJC_ISA_USAGE = YES_ERROR;
				CLANG_WARN_EMPTY_BODY = YES;
				CLANG_WARN_ENUM_CONVERSION = YES;
				CLANG_WARN_INT_CONVERSION = YES;
				CLANG_WARN_OBJC_ROOT_CLASS = YES_ERROR;
				CLANG_WARN_UNREACHABLE_CODE = YES;
				CLANG_WARN__DUPLICATE_METHOD_MATCH = YES;
				"CODE_SIGN_IDENTITY[sdk=iphoneos*]" = "iPhone Developer";
				COPY_PHASE_STRIP = NO;
				DEBUG_INFORMATION_FORMAT = dwarf;
				ENABLE_STRICT_OBJC_MSGSEND = YES;
				ENABLE_TESTABILITY = YES;
				GCC_C_LANGUAGE_STANDARD = gnu99;
				GCC_DYNAMIC_NO_PIC = NO;
				GCC_NO_COMMON_BLOCKS = YES;
				GCC_OPTIMIZATION_LEVEL = 0;
				GCC_PREPROCESSOR_DEFINITIONS = (
					"DEBUG=1",
					"$(inherited)",
				);
				GCC_WARN_64_TO_32_BIT_CONVERSION = YES;
				GCC_WARN_ABOUT_RETURN_TYPE = YES_ERROR;
				GCC_WARN_UNDECLARED_SELECTOR = YES;
				GCC_WARN_UNINITIALIZED_AUTOS = YES_AGGRESSIVE;
				GCC_WARN_UNUSED_FUNCTION = YES;
				GCC_WARN_UNUSED_VARIABLE = YES;
				IPHONEOS_DEPLOYMENT_TARGET = 9.3;
				MTL_ENABLE_DEBUG_INFO = YES;
				ONLY_ACTIVE_ARCH = YES;
				SDKROOT = iphoneos;
				TARGETED_DEVICE_FAMILY = "1,2";
			};
			name = Debug;
		};
		657032EC1CEAD3DC005D6179 /* Release */ = {
			isa = XCBuildConfiguration;
			buildSettings = {
				ALWAYS_SEARCH_USER_PATHS = NO;
				CLANG_ANALYZER_NONNULL = YES;
				CLANG_CXX_LANGUAGE_STANDARD = "gnu++0x";
				CLANG_CXX_LIBRARY = "libc++";
				CLANG_ENABLE_MODULES = YES;
				CLANG_ENABLE_OBJC_ARC = YES;
				CLANG_WARN_BOOL_CONVERSION = YES;
				CLANG_WARN_CONSTANT_CONVERSION = YES;
				CLANG_WARN_DIRECT_OBJC_ISA_USAGE = YES_ERROR;
				CLANG_WARN_EMPTY_BODY = YES;
				CLANG_WARN_ENUM_CONVERSION = YES;
				CLANG_WARN_INT_CONVERSION = YES;
				CLANG_WARN_OBJC_ROOT_CLASS = YES_ERROR;
				CLANG_WARN_UNREACHABLE_CODE = YES;
				CLANG_WARN__DUPLICATE_METHOD_MATCH = YES;
				"CODE_SIGN_IDENTITY[sdk=iphoneos*]" = "iPhone Developer";
				COPY_PHASE_STRIP = NO;
				DEBUG_INFORMATION_FORMAT = "dwarf-with-dsym";
				ENABLE_NS_ASSERTIONS = NO;
				ENABLE_STRICT_OBJC_MSGSEND = YES;
				GCC_C_LANGUAGE_STANDARD = gnu99;
				GCC_NO_COMMON_BLOCKS = YES;
				GCC_WARN_64_TO_32_BIT_CONVERSION = YES;
				GCC_WARN_ABOUT_RETURN_TYPE = YES_ERROR;
				GCC_WARN_UNDECLARED_SELECTOR = YES;
				GCC_WARN_UNINITIALIZED_AUTOS = YES_AGGRESSIVE;
				GCC_WARN_UNUSED_FUNCTION = YES;
				GCC_WARN_UNUSED_VARIABLE = YES;
				IPHONEOS_DEPLOYMENT_TARGET = 9.3;
				MTL_ENABLE_DEBUG_INFO = NO;
				SDKROOT = iphoneos;
				TARGETED_DEVICE_FAMILY = "1,2";
				VALIDATE_PRODUCT = YES;
			};
			name = Release;
		};
		657032EE1CEAD3DC005D6179 /* Debug */ = {
			isa = XCBuildConfiguration;
			buildSettings = {
				ASSETCATALOG_COMPILER_APPICON_NAME = AppIcon;
				ASSETCATALOG_COMPILER_LAUNCHIMAGE_NAME = "Brand Assets";
				INFOPLIST_FILE = DHMicroBlog/Info.plist;
				LD_RUNPATH_SEARCH_PATHS = "$(inherited) @executable_path/Frameworks";
				PRODUCT_BUNDLE_IDENTIFIER = com.danielhe.DHMicroBlog;
				PRODUCT_NAME = "$(TARGET_NAME)";
			};
			name = Debug;
		};
		657032EF1CEAD3DC005D6179 /* Release */ = {
			isa = XCBuildConfiguration;
			buildSettings = {
				ASSETCATALOG_COMPILER_APPICON_NAME = AppIcon;
				ASSETCATALOG_COMPILER_LAUNCHIMAGE_NAME = "Brand Assets";
				INFOPLIST_FILE = DHMicroBlog/Info.plist;
				LD_RUNPATH_SEARCH_PATHS = "$(inherited) @executable_path/Frameworks";
				PRODUCT_BUNDLE_IDENTIFIER = com.danielhe.DHMicroBlog;
				PRODUCT_NAME = "$(TARGET_NAME)";
			};
			name = Release;
		};
/* End XCBuildConfiguration section */

/* Begin XCConfigurationList section */
		657032D11CEAD3DB005D6179 /* Build configuration list for PBXProject "DHMicroBlog" */ = {
			isa = XCConfigurationList;
			buildConfigurations = (
				657032EB1CEAD3DC005D6179 /* Debug */,
				657032EC1CEAD3DC005D6179 /* Release */,
			);
			defaultConfigurationIsVisible = 0;
			defaultConfigurationName = Release;
		};
		657032ED1CEAD3DC005D6179 /* Build configuration list for PBXNativeTarget "DHMicroBlog" */ = {
			isa = XCConfigurationList;
			buildConfigurations = (
				657032EE1CEAD3DC005D6179 /* Debug */,
				657032EF1CEAD3DC005D6179 /* Release */,
			);
			defaultConfigurationIsVisible = 0;
			defaultConfigurationName = Release;
		};
/* End XCConfigurationList section */
	};
	rootObject = 657032CE1CEAD3DB005D6179 /* Project object */;
}
